
Microsoft Visual Studio Solution File, Format Version 12.00
# Visual Studio Version 17
VisualStudioVersion = 17.3.32929.385
MinimumVisualStudioVersion = 10.0.40219.1
Project("{FAE04EC0-301F-11D3-BF4B-00C04F79EFBC}") = "3D_FutureEngine", "3D_FutureEngine\3D_FutureEngine.csproj", "{B4C65426-9C49-47E3-AD4D-DA612971CD8B}"
EndProject
Global
	GlobalSection(SolutionConfigurationPlatforms) = preSolution
		Debug|Any CPU = Debug|Any CPU
		Release|Any CPU = Release|Any CPU
	EndGlobalSection
	GlobalSection(ProjectConfigurationPlatforms) = postSolution
		{B4C65426-9C49-47E3-AD4D-DA612971CD8B}.Debug|Any CPU.ActiveCfg = Debug|Any CPU
		{B4C65426-9C49-47E3-AD4D-DA612971CD8B}.Debug|Any CPU.Build.0 = Debug|Any CPU
		{B4C65426-9C49-47E3-AD4D-DA612971CD8B}.Release|Any CPU.ActiveCfg = Release|Any CPU
		{B4C65426-9C49-47E3-AD4D-DA612971CD8B}.Release|Any CPU.Build.0 = Release|Any CPU
	EndGlobalSection
	GlobalSection(SolutionProperties) = preSolution
		HideSolutionNode = FALSE
	EndGlobalSection
	GlobalSection(ExtensibilityGlobals) = postSolution
		SolutionGuid = {71DEE383-AD7C-4E25-957D-A0FA11FE127F}
	EndGlobalSection
EndGlobal
